
Microsoft Visual Studio Solution File, Format Version 12.00
# Visual Studio 15
Project("{FAE04EC0-301F-11D3-BF4B-00C04F79EFBC}") = "UniRx", "UniRx.csproj", "{EF42A56C-C97C-FA0E-F50E-67CE761F170D}"
EndProject
Project("{FAE04EC0-301F-11D3-BF4B-00C04F79EFBC}") = "UniRx.Async", "UniRx.Async.csproj", "{456C3A3C-3E9F-41C4-418D-B97D62DFC5E2}"
EndProject
Project("{FAE04EC0-301F-11D3-BF4B-00C04F79EFBC}") = "UniRx.Examples", "UniRx.Examples.csproj", "{8B3DB9AB-D026-FA86-84BD-F59698C91E9E}"
EndProject
Project("{FAE04EC0-301F-11D3-BF4B-00C04F79EFBC}") = "Assembly-CSharp", "Assembly-CSharp.csproj", "{9A24D6BA-6BA4-B6F0-BA63-5689B707257C}"
EndProject
Project("{FAE04EC0-301F-11D3-BF4B-00C04F79EFBC}") = "UniRx.Async.Editor", "UniRx.Async.Editor.csproj", "{977024B5-32A1-D0A2-CD9A-058DFD6F7029}"
EndProject
Global
	GlobalSection(SolutionConfigurationPlatforms) = preSolution
		Debug|Any CPU = Debug|Any CPU
		Release|Any CPU = Release|Any CPU
	EndGlobalSection
	GlobalSection(ProjectConfigurationPlatforms) = postSolution
		{EF42A56C-C97C-FA0E-F50E-67CE761F170D}.Debug|Any CPU.ActiveCfg = Debug|Any CPU
		{EF42A56C-C97C-FA0E-F50E-67CE761F170D}.Debug|Any CPU.Build.0 = Debug|Any CPU
		{EF42A56C-C97C-FA0E-F50E-67CE761F170D}.Release|Any CPU.ActiveCfg = Release|Any CPU
		{EF42A56C-C97C-FA0E-F50E-67CE761F170D}.Release|Any CPU.Build.0 = Release|Any CPU
		{456C3A3C-3E9F-41C4-418D-B97D62DFC5E2}.Debug|Any CPU.ActiveCfg = Debug|Any CPU
		{456C3A3C-3E9F-41C4-418D-B97D62DFC5E2}.Debug|Any CPU.Build.0 = Debug|Any CPU
		{456C3A3C-3E9F-41C4-418D-B97D62DFC5E2}.Release|Any CPU.ActiveCfg = Release|Any CPU
		{456C3A3C-3E9F-41C4-418D-B97D62DFC5E2}.Release|Any CPU.Build.0 = Release|Any CPU
		{8B3DB9AB-D026-FA86-84BD-F59698C91E9E}.Debug|Any CPU.ActiveCfg = Debug|Any CPU
		{8B3DB9AB-D026-FA86-84BD-F59698C91E9E}.Debug|Any CPU.Build.0 = Debug|Any CPU
		{8B3DB9AB-D026-FA86-84BD-F59698C91E9E}.Release|Any CPU.ActiveCfg = Release|Any CPU
		{8B3DB9AB-D026-FA86-84BD-F59698C91E9E}.Release|Any CPU.Build.0 = Release|Any CPU
		{9A24D6BA-6BA4-B6F0-BA63-5689B707257C}.Debug|Any CPU.ActiveCfg = Debug|Any CPU
		{9A24D6BA-6BA4-B6F0-BA63-5689B707257C}.Debug|Any CPU.Build.0 = Debug|Any CPU
		{9A24D6BA-6BA4-B6F0-BA63-5689B707257C}.Release|Any CPU.ActiveCfg = Release|Any CPU
		{9A24D6BA-6BA4-B6F0-BA63-5689B707257C}.Release|Any CPU.Build.0 = Release|Any CPU
		{977024B5-32A1-D0A2-CD9A-058DFD6F7029}.Debug|Any CPU.ActiveCfg = Debug|Any CPU
		{977024B5-32A1-D0A2-CD9A-058DFD6F7029}.Debug|Any CPU.Build.0 = Debug|Any CPU
		{977024B5-32A1-D0A2-CD9A-058DFD6F7029}.Release|Any CPU.ActiveCfg = Release|Any CPU
		{977024B5-32A1-D0A2-CD9A-058DFD6F7029}.Release|Any CPU.Build.0 = Release|Any CPU
	EndGlobalSection
	GlobalSection(SolutionProperties) = preSolution
		HideSolutionNode = FALSE
	EndGlobalSection
EndGlobal
